PODS:
  - Alamofire (5.3.0)
  - MarkdownView (1.7.1)
  - SwiftLint (0.40.3)

DEPENDENCIES:
  - Alamofire (~> 5.3.0)
  - MarkdownView
  - SwiftLint

SPEC REPOS:
  trunk:
    - Alamofire
    - MarkdownView
    - SwiftLint

SPEC CHECKSUMS:
  Alamofire: 2c792affbdc2f18016e08fdbcacd60aebe1ba593
  MarkdownView: cf30a97ab39b2bce04406adce541972c882363bd
  SwiftLint: dfd554ff0dff17288ee574814ccdd5cea85d76f7

PODFILE CHECKSUM: 0e6f8f983fa5d0b1c7c6c9810ebaaa303b5d85b2

COCOAPODS: 1.9.3
