// !$*UTF8*$!
{
	archiveVersion = 1;
	classes = {
	};
	objectVersion = 51;
	objects = {

/* Begin PBXBuildFile section */
		883D89B0254932FE005BDBE4 /* LabelViewController.swift in Sources */ = {isa = PBXBuildFile; fileRef = 883D89AF254932FE005BDBE4 /* LabelViewController.swift */; };
		883D89B525493372005BDBE4 /* LabelCollectionViewCell.swift in Sources */ = {isa = PBXBuildFile; fileRef = 883D89B325493372005BDBE4 /* LabelCollectionViewCell.swift */; };
		883D89B625493372005BDBE4 /* LabelCollectionViewCell.xib in Resources */ = {isa = PBXBuildFile; fileRef = 883D89B425493372005BDBE4 /* LabelCollectionViewCell.xib */; };
		883D89BA2549483C005BDBE4 /* Label.swift in Sources */ = {isa = PBXBuildFile; fileRef = 883D89B92549483C005BDBE4 /* Label.swift */; };
		8850A79D254B065D00039E76 /* MilestoneViewController.swift in Sources */ = {isa = PBXBuildFile; fileRef = 8850A79C254B065D00039E76 /* MilestoneViewController.swift */; };
		8850A7A0254B070C00039E76 /* Milestone.swift in Sources */ = {isa = PBXBuildFile; fileRef = 8850A79F254B070C00039E76 /* Milestone.swift */; };
		8850A7A3254B151600039E76 /* MilestoneDetailViewController.swift in Sources */ = {isa = PBXBuildFile; fileRef = 8850A7A2254B151600039E76 /* MilestoneDetailViewController.swift */; };
		887C0DEB2549769900E5A58A /* UIColor+Extention.swift in Sources */ = {isa = PBXBuildFile; fileRef = 887C0DEA2549769900E5A58A /* UIColor+Extention.swift */; };
		887C633125482F3800579562 /* LoginManager.swift in Sources */ = {isa = PBXBuildFile; fileRef = 887C633025482F3800579562 /* LoginManager.swift */; };
		887C63342548304D00579562 /* LoginViewController.swift in Sources */ = {isa = PBXBuildFile; fileRef = 887C63332548304D00579562 /* LoginViewController.swift */; };
		888AAAA52547C1EB0013B974 /* AppDelegate.swift in Sources */ = {isa = PBXBuildFile; fileRef = 888AAAA42547C1EB0013B974 /* AppDelegate.swift */; };
		888AAAA72547C1EB0013B974 /* SceneDelegate.swift in Sources */ = {isa = PBXBuildFile; fileRef = 888AAAA62547C1EB0013B974 /* SceneDelegate.swift */; };
		888AAAA92547C1EB0013B974 /* ViewController.swift in Sources */ = {isa = PBXBuildFile; fileRef = 888AAAA82547C1EB0013B974 /* ViewController.swift */; };
		888AAAAC2547C1EB0013B974 /* Main.storyboard in Resources */ = {isa = PBXBuildFile; fileRef = 888AAAAA2547C1EB0013B974 /* Main.storyboard */; };
		888AAAAE2547C1ED0013B974 /* Assets.xcassets in Resources */ = {isa = PBXBuildFile; fileRef = 888AAAAD2547C1ED0013B974 /* Assets.xcassets */; };
		888AAAB12547C1ED0013B974 /* LaunchScreen.storyboard in Resources */ = {isa = PBXBuildFile; fileRef = 888AAAAF2547C1ED0013B974 /* LaunchScreen.storyboard */; };
		88901AA3254AFD0A00C2A613 /* MilestoneCollectionViewCell.swift in Sources */ = {isa = PBXBuildFile; fileRef = 88901AA1254AFD0A00C2A613 /* MilestoneCollectionViewCell.swift */; };
		88901AA4254AFD0A00C2A613 /* MilestoneCollectionViewCell.xib in Resources */ = {isa = PBXBuildFile; fileRef = 88901AA2254AFD0A00C2A613 /* MilestoneCollectionViewCell.xib */; };
		889EEC74254A90BF009CED1C /* LabelDetailViewController.swift in Sources */ = {isa = PBXBuildFile; fileRef = 889EEC73254A90BF009CED1C /* LabelDetailViewController.swift */; };
		88C7403A254A933F0053200B /* NotificationName+Extention.swift in Sources */ = {isa = PBXBuildFile; fileRef = 88C74039254A933F0053200B /* NotificationName+Extention.swift */; };
		AA40D0EF2549B3B7005B4835 /* IssueViewController.swift in Sources */ = {isa = PBXBuildFile; fileRef = AA40D0EE2549B3B7005B4835 /* IssueViewController.swift */; };
		AA40D0F32549CFA9005B4835 /* IssueViewCustomCell.swift in Sources */ = {isa = PBXBuildFile; fileRef = AA40D0F22549CFA9005B4835 /* IssueViewCustomCell.swift */; };
		AA40D0F6254AA85F005B4835 /* NewIssueViewController.swift in Sources */ = {isa = PBXBuildFile; fileRef = AA40D0F5254AA85F005B4835 /* NewIssueViewController.swift */; };
		AA40D0F9254AA8AB005B4835 /* FilterIssueViewController.swift in Sources */ = {isa = PBXBuildFile; fileRef = AA40D0F8254AA8AB005B4835 /* FilterIssueViewController.swift */; };
		C7550947C277D05AA9585F58 /* Pods_IssueTracker.framework in Frameworks */ = {isa = PBXBuildFile; fileRef = 49A4A5002355131BC4134A0A /* Pods_IssueTracker.framework */; };
/* End PBXBuildFile section */

/* Begin PBXFileReference section */
		49A4A5002355131BC4134A0A /* Pods_IssueTracker.framework */ = {isa = PBXFileReference; explicitFileType = wrapper.framework; includeInIndex = 0; path = Pods_IssueTracker.framework; sourceTree = BUILT_PRODUCTS_DIR; };
		883D89AF254932FE005BDBE4 /* LabelViewController.swift */ = {isa = PBXFileReference; lastKnownFileType = sourcecode.swift; path = LabelViewController.swift; sourceTree = "<group>"; };
		883D89B325493372005BDBE4 /* LabelCollectionViewCell.swift */ = {isa = PBXFileReference; lastKnownFileType = sourcecode.swift; path = LabelCollectionViewCell.swift; sourceTree = "<group>"; };
		883D89B425493372005BDBE4 /* LabelCollectionViewCell.xib */ = {isa = PBXFileReference; lastKnownFileType = file.xib; path = LabelCollectionViewCell.xib; sourceTree = "<group>"; };
		883D89B92549483C005BDBE4 /* Label.swift */ = {isa = PBXFileReference; lastKnownFileType = sourcecode.swift; path = Label.swift; sourceTree = "<group>"; };
		8850A79C254B065D00039E76 /* MilestoneViewController.swift */ = {isa = PBXFileReference; lastKnownFileType = sourcecode.swift; path = MilestoneViewController.swift; sourceTree = "<group>"; };
		8850A79F254B070C00039E76 /* Milestone.swift */ = {isa = PBXFileReference; lastKnownFileType = sourcecode.swift; path = Milestone.swift; sourceTree = "<group>"; };
		8850A7A2254B151600039E76 /* MilestoneDetailViewController.swift */ = {isa = PBXFileReference; lastKnownFileType = sourcecode.swift; path = MilestoneDetailViewController.swift; sourceTree = "<group>"; };
		887C0DEA2549769900E5A58A /* UIColor+Extention.swift */ = {isa = PBXFileReference; lastKnownFileType = sourcecode.swift; path = "UIColor+Extention.swift"; sourceTree = "<group>"; };
		887C633025482F3800579562 /* LoginManager.swift */ = {isa = PBXFileReference; lastKnownFileType = sourcecode.swift; path = LoginManager.swift; sourceTree = "<group>"; };
		887C63332548304D00579562 /* LoginViewController.swift */ = {isa = PBXFileReference; lastKnownFileType = sourcecode.swift; path = LoginViewController.swift; sourceTree = "<group>"; };
		888AAAA12547C1EB0013B974 /* IssueTracker.app */ = {isa = PBXFileReference; explicitFileType = wrapper.application; includeInIndex = 0; path = IssueTracker.app; sourceTree = BUILT_PRODUCTS_DIR; };
		888AAAA42547C1EB0013B974 /* AppDelegate.swift */ = {isa = PBXFileReference; lastKnownFileType = sourcecode.swift; path = AppDelegate.swift; sourceTree = "<group>"; };
		888AAAA62547C1EB0013B974 /* SceneDelegate.swift */ = {isa = PBXFileReference; lastKnownFileType = sourcecode.swift; path = SceneDelegate.swift; sourceTree = "<group>"; };
		888AAAA82547C1EB0013B974 /* ViewController.swift */ = {isa = PBXFileReference; lastKnownFileType = sourcecode.swift; path = ViewController.swift; sourceTree = "<group>"; };
		888AAAAB2547C1EB0013B974 /* Base */ = {isa = PBXFileReference; lastKnownFileType = file.storyboard; name = Base; path = Base.lproj/Main.storyboard; sourceTree = "<group>"; };
		888AAAAD2547C1ED0013B974 /* Assets.xcassets */ = {isa = PBXFileReference; lastKnownFileType = folder.assetcatalog; path = Assets.xcassets; sourceTree = "<group>"; };
		888AAAB02547C1ED0013B974 /* Base */ = {isa = PBXFileReference; lastKnownFileType = file.storyboard; name = Base; path = Base.lproj/LaunchScreen.storyboard; sourceTree = "<group>"; };
		888AAAB22547C1ED0013B974 /* Info.plist */ = {isa = PBXFileReference; lastKnownFileType = text.plist.xml; path = Info.plist; sourceTree = "<group>"; };
		88901AA1254AFD0A00C2A613 /* MilestoneCollectionViewCell.swift */ = {isa = PBXFileReference; fileEncoding = 4; lastKnownFileType = sourcecode.swift; path = MilestoneCollectionViewCell.swift; sourceTree = "<group>"; };
		88901AA2254AFD0A00C2A613 /* MilestoneCollectionViewCell.xib */ = {isa = PBXFileReference; fileEncoding = 4; lastKnownFileType = file.xib; path = MilestoneCollectionViewCell.xib; sourceTree = "<group>"; };
		889EEC73254A90BF009CED1C /* LabelDetailViewController.swift */ = {isa = PBXFileReference; fileEncoding = 4; lastKnownFileType = sourcecode.swift; path = LabelDetailViewController.swift; sourceTree = "<group>"; };
		88C74039254A933F0053200B /* NotificationName+Extention.swift */ = {isa = PBXFileReference; lastKnownFileType = sourcecode.swift; path = "NotificationName+Extention.swift"; sourceTree = "<group>"; };
		88CE729A254874D700E05217 /* IssueTracker.entitlements */ = {isa = PBXFileReference; lastKnownFileType = text.plist.entitlements; path = IssueTracker.entitlements; sourceTree = "<group>"; };
		A11BA265FD9C6759697BCF49 /* Pods-IssueTracker.release.xcconfig */ = {isa = PBXFileReference; includeInIndex = 1; lastKnownFileType = text.xcconfig; name = "Pods-IssueTracker.release.xcconfig"; path = "Target Support Files/Pods-IssueTracker/Pods-IssueTracker.release.xcconfig"; sourceTree = "<group>"; };
		AA40D0EE2549B3B7005B4835 /* IssueViewController.swift */ = {isa = PBXFileReference; lastKnownFileType = sourcecode.swift; path = IssueViewController.swift; sourceTree = "<group>"; };
		AA40D0F22549CFA9005B4835 /* IssueViewCustomCell.swift */ = {isa = PBXFileReference; lastKnownFileType = sourcecode.swift; path = IssueViewCustomCell.swift; sourceTree = "<group>"; };
		AA40D0F5254AA85F005B4835 /* NewIssueViewController.swift */ = {isa = PBXFileReference; lastKnownFileType = sourcecode.swift; path = NewIssueViewController.swift; sourceTree = "<group>"; };
		AA40D0F8254AA8AB005B4835 /* FilterIssueViewController.swift */ = {isa = PBXFileReference; lastKnownFileType = sourcecode.swift; path = FilterIssueViewController.swift; sourceTree = "<group>"; };
		B32F95B86BFF9EC06BFAFAEC /* Pods-IssueTracker.debug.xcconfig */ = {isa = PBXFileReference; includeInIndex = 1; lastKnownFileType = text.xcconfig; name = "Pods-IssueTracker.debug.xcconfig"; path = "Target Support Files/Pods-IssueTracker/Pods-IssueTracker.debug.xcconfig"; sourceTree = "<group>"; };
/* End PBXFileReference section */

/* Begin PBXFrameworksBuildPhase section */
		888AAA9E2547C1EB0013B974 /* Frameworks */ = {
			isa = PBXFrameworksBuildPhase;
			buildActionMask = 2147483647;
			files = (
				C7550947C277D05AA9585F58 /* Pods_IssueTracker.framework in Frameworks */,
			);
			runOnlyForDeploymentPostprocessing = 0;
		};
/* End PBXFrameworksBuildPhase section */

/* Begin PBXGroup section */
		02C7360B47450B9B9B55E3FD /* Frameworks */ = {
			isa = PBXGroup;
			children = (
				49A4A5002355131BC4134A0A /* Pods_IssueTracker.framework */,
			);
			name = Frameworks;
			sourceTree = "<group>";
		};
		3ACAA1954DAB5714EFF646B7 /* Pods */ = {
			isa = PBXGroup;
			children = (
				B32F95B86BFF9EC06BFAFAEC /* Pods-IssueTracker.debug.xcconfig */,
				A11BA265FD9C6759697BCF49 /* Pods-IssueTracker.release.xcconfig */,
			);
			path = Pods;
			sourceTree = "<group>";
		};
		887C0DE92549765400E5A58A /* Extensions */ = {
			isa = PBXGroup;
			children = (
				887C0DEA2549769900E5A58A /* UIColor+Extention.swift */,
				88C74039254A933F0053200B /* NotificationName+Extention.swift */,
			);
			path = Extensions;
			sourceTree = "<group>";
		};
		887C632C25482F1100579562 /* Model */ = {
			isa = PBXGroup;
			children = (
				883D89B92549483C005BDBE4 /* Label.swift */,
				8850A79F254B070C00039E76 /* Milestone.swift */,
			);
			path = Model;
			sourceTree = "<group>";
		};
		887C632D25482F1800579562 /* View */ = {
			isa = PBXGroup;
			children = (
				88901AA1254AFD0A00C2A613 /* MilestoneCollectionViewCell.swift */,
				88901AA2254AFD0A00C2A613 /* MilestoneCollectionViewCell.xib */,
				883D89B325493372005BDBE4 /* LabelCollectionViewCell.swift */,
				883D89B425493372005BDBE4 /* LabelCollectionViewCell.xib */,
			);
			path = View;
			sourceTree = "<group>";
		};
		887C632E25482F1E00579562 /* Controller */ = {
			isa = PBXGroup;
			children = (
				AA40D0EE2549B3B7005B4835 /* IssueViewController.swift */,
				AA40D0F22549CFA9005B4835 /* IssueViewCustomCell.swift */,
				AA40D0F5254AA85F005B4835 /* NewIssueViewController.swift */,
				AA40D0F8254AA8AB005B4835 /* FilterIssueViewController.swift */,
				887C63332548304D00579562 /* LoginViewController.swift */,
				883D89AF254932FE005BDBE4 /* LabelViewController.swift */,
				889EEC73254A90BF009CED1C /* LabelDetailViewController.swift */,
				8850A79C254B065D00039E76 /* MilestoneViewController.swift */,
				8850A7A2254B151600039E76 /* MilestoneDetailViewController.swift */,
			);
			path = Controller;
			sourceTree = "<group>";
		};
		887C632F25482F2600579562 /* Utils */ = {
			isa = PBXGroup;
			children = (
				887C633025482F3800579562 /* LoginManager.swift */,
			);
			path = Utils;
			sourceTree = "<group>";
		};
		888AAA982547C1EB0013B974 = {
			isa = PBXGroup;
			children = (
				888AAAA32547C1EB0013B974 /* IssueTracker */,
				888AAAA22547C1EB0013B974 /* Products */,
				3ACAA1954DAB5714EFF646B7 /* Pods */,
				02C7360B47450B9B9B55E3FD /* Frameworks */,
			);
			sourceTree = "<group>";
		};
		888AAAA22547C1EB0013B974 /* Products */ = {
			isa = PBXGroup;
			children = (
				888AAAA12547C1EB0013B974 /* IssueTracker.app */,
			);
			name = Products;
			sourceTree = "<group>";
		};
		888AAAA32547C1EB0013B974 /* IssueTracker */ = {
			isa = PBXGroup;
			children = (
				887C0DE92549765400E5A58A /* Extensions */,
				88CE729A254874D700E05217 /* IssueTracker.entitlements */,
				887C632F25482F2600579562 /* Utils */,
				887C632E25482F1E00579562 /* Controller */,
				887C632D25482F1800579562 /* View */,
				887C632C25482F1100579562 /* Model */,
				888AAAA42547C1EB0013B974 /* AppDelegate.swift */,
				888AAAA62547C1EB0013B974 /* SceneDelegate.swift */,
				888AAAA82547C1EB0013B974 /* ViewController.swift */,
				888AAAAA2547C1EB0013B974 /* Main.storyboard */,
				888AAAAD2547C1ED0013B974 /* Assets.xcassets */,
				888AAAAF2547C1ED0013B974 /* LaunchScreen.storyboard */,
				888AAAB22547C1ED0013B974 /* Info.plist */,
			);
			path = IssueTracker;
			sourceTree = "<group>";
		};
/* End PBXGroup section */

/* Begin PBXNativeTarget section */
		888AAAA02547C1EB0013B974 /* IssueTracker */ = {
			isa = PBXNativeTarget;
			buildConfigurationList = 888AAAB52547C1ED0013B974 /* Build configuration list for PBXNativeTarget "IssueTracker" */;
			buildPhases = (
				08FF553A22CFF3372C5C00EE /* [CP] Check Pods Manifest.lock */,
				888AAA9D2547C1EB0013B974 /* Sources */,
				888AAA9E2547C1EB0013B974 /* Frameworks */,
				888AAA9F2547C1EB0013B974 /* Resources */,
				92AD05D4958D855CB0E9CD25 /* [CP] Embed Pods Frameworks */,
				88DE2E0A25516841000461E3 /* ShellScript */,
			);
			buildRules = (
			);
			dependencies = (
			);
			name = IssueTracker;
			productName = IssueTracker;
			productReference = 888AAAA12547C1EB0013B974 /* IssueTracker.app */;
			productType = "com.apple.product-type.application";
		};
/* End PBXNativeTarget section */

/* Begin PBXProject section */
		888AAA992547C1EB0013B974 /* Project object */ = {
			isa = PBXProject;
			attributes = {
				LastSwiftUpdateCheck = 1210;
				LastUpgradeCheck = 1210;
				TargetAttributes = {
					888AAAA02547C1EB0013B974 = {
						CreatedOnToolsVersion = 12.1;
					};
				};
			};
			buildConfigurationList = 888AAA9C2547C1EB0013B974 /* Build configuration list for PBXProject "IssueTracker" */;
			compatibilityVersion = "Xcode 9.3";
			developmentRegion = en;
			hasScannedForEncodings = 0;
			knownRegions = (
				en,
				Base,
			);
			mainGroup = 888AAA982547C1EB0013B974;
			productRefGroup = 888AAAA22547C1EB0013B974 /* Products */;
			projectDirPath = "";
			projectRoot = "";
			targets = (
				888AAAA02547C1EB0013B974 /* IssueTracker */,
			);
		};
/* End PBXProject section */

/* Begin PBXResourcesBuildPhase section */
		888AAA9F2547C1EB0013B974 /* Resources */ = {
			isa = PBXResourcesBuildPhase;
			buildActionMask = 2147483647;
			files = (
				888AAAB12547C1ED0013B974 /* LaunchScreen.storyboard in Resources */,
				88901AA4254AFD0A00C2A613 /* MilestoneCollectionViewCell.xib in Resources */,
				888AAAAE2547C1ED0013B974 /* Assets.xcassets in Resources */,
				888AAAAC2547C1EB0013B974 /* Main.storyboard in Resources */,
				883D89B625493372005BDBE4 /* LabelCollectionViewCell.xib in Resources */,
			);
			runOnlyForDeploymentPostprocessing = 0;
		};
/* End PBXResourcesBuildPhase section */

/* Begin PBXShellScriptBuildPhase section */
		08FF553A22CFF3372C5C00EE /* [CP] Check Pods Manifest.lock */ = {
			isa = PBXShellScriptBuildPhase;
			buildActionMask = 2147483647;
			files = (
			);
			inputFileListPaths = (
			);
			inputPaths = (
				"${PODS_PODFILE_DIR_PATH}/Podfile.lock",
				"${PODS_ROOT}/Manifest.lock",
			);
			name = "[CP] Check Pods Manifest.lock";
			outputFileListPaths = (
			);
			outputPaths = (
				"$(DERIVED_FILE_DIR)/Pods-IssueTracker-checkManifestLockResult.txt",
			);
			runOnlyForDeploymentPostprocessing = 0;
			shellPath = /bin/sh;
			shellScript = "diff \"${PODS_PODFILE_DIR_PATH}/Podfile.lock\" \"${PODS_ROOT}/Manifest.lock\" > /dev/null\nif [ $? != 0 ] ; then\n    # print error to STDERR\n    echo \"error: The sandbox is not in sync with the Podfile.lock. Run 'pod install' or update your CocoaPods installation.\" >&2\n    exit 1\nfi\n# This output is used by Xcode 'outputs' to avoid re-running this script phase.\necho \"SUCCESS\" > \"${SCRIPT_OUTPUT_FILE_0}\"\n";
			showEnvVarsInLog = 0;
		};
		88DE2E0A25516841000461E3 /* ShellScript */ = {
			isa = PBXShellScriptBuildPhase;
			buildActionMask = 2147483647;
			files = (
			);
			inputFileListPaths = (
			);
			inputPaths = (
			);
			outputFileListPaths = (
			);
			outputPaths = (
			);
			runOnlyForDeploymentPostprocessing = 0;
			shellPath = /bin/sh;
			shellScript = "# Type a script or drag a script file from your workspace to insert its path.\n# ${PODS_ROOT}/SwiftLint/swiftlint\n";
		};
		92AD05D4958D855CB0E9CD25 /* [CP] Embed Pods Frameworks */ = {
			isa = PBXShellScriptBuildPhase;
			buildActionMask = 2147483647;
			files = (
			);
			inputFileListPaths = (
				"${PODS_ROOT}/Target Support Files/Pods-IssueTracker/Pods-IssueTracker-frameworks-${CONFIGURATION}-input-files.xcfilelist",
			);
			name = "[CP] Embed Pods Frameworks";
			outputFileListPaths = (
				"${PODS_ROOT}/Target Support Files/Pods-IssueTracker/Pods-IssueTracker-frameworks-${CONFIGURATION}-output-files.xcfilelist",
			);
			runOnlyForDeploymentPostprocessing = 0;
			shellPath = /bin/sh;
			shellScript = "\"${PODS_ROOT}/Target Support Files/Pods-IssueTracker/Pods-IssueTracker-frameworks.sh\"\n";
			showEnvVarsInLog = 0;
		};
/* End PBXShellScriptBuildPhase section */

/* Begin PBXSourcesBuildPhase section */
		888AAA9D2547C1EB0013B974 /* Sources */ = {
			isa = PBXSourcesBuildPhase;
			buildActionMask = 2147483647;
			files = (
				8850A7A0254B070C00039E76 /* Milestone.swift in Sources */,
				AA40D0EF2549B3B7005B4835 /* IssueViewController.swift in Sources */,
				AA40D0F6254AA85F005B4835 /* NewIssueViewController.swift in Sources */,
				8850A7A3254B151600039E76 /* MilestoneDetailViewController.swift in Sources */,
				AA40D0F32549CFA9005B4835 /* IssueViewCustomCell.swift in Sources */,
				888AAAA92547C1EB0013B974 /* ViewController.swift in Sources */,
				AA40D0F9254AA8AB005B4835 /* FilterIssueViewController.swift in Sources */,
				883D89B0254932FE005BDBE4 /* LabelViewController.swift in Sources */,
				887C633125482F3800579562 /* LoginManager.swift in Sources */,
				88C7403A254A933F0053200B /* NotificationName+Extention.swift in Sources */,
				887C0DEB2549769900E5A58A /* UIColor+Extention.swift in Sources */,
				88901AA3254AFD0A00C2A613 /* MilestoneCollectionViewCell.swift in Sources */,
				883D89B525493372005BDBE4 /* LabelCollectionViewCell.swift in Sources */,
				888AAAA52547C1EB0013B974 /* AppDelegate.swift in Sources */,
				8850A79D254B065D00039E76 /* MilestoneViewController.swift in Sources */,
				888AAAA72547C1EB0013B974 /* SceneDelegate.swift in Sources */,
				883D89BA2549483C005BDBE4 /* Label.swift in Sources */,
				889EEC74254A90BF009CED1C /* LabelDetailViewController.swift in Sources */,
				887C63342548304D00579562 /* LoginViewController.swift in Sources */,
			);
			runOnlyForDeploymentPostprocessing = 0;
		};
/* End PBXSourcesBuildPhase section */

/* Begin PBXVariantGroup section */
		888AAAAA2547C1EB0013B974 /* Main.storyboard */ = {
			isa = PBXVariantGroup;
			children = (
				888AAAAB2547C1EB0013B974 /* Base */,
			);
			name = Main.storyboard;
			sourceTree = "<group>";
		};
		888AAAAF2547C1ED0013B974 /* LaunchScreen.storyboard */ = {
			isa = PBXVariantGroup;
			children = (
				888AAAB02547C1ED0013B974 /* Base */,
			);
			name = LaunchScreen.storyboard;
			sourceTree = "<group>";
		};
/* End PBXVariantGroup section */

/* Begin XCBuildConfiguration section */
		888AAAB32547C1ED0013B974 /* Debug */ = {
			isa = XCBuildConfiguration;
			buildSettings = {
				ALWAYS_SEARCH_USER_PATHS = NO;
				CLANG_ANALYZER_NONNULL = YES;
				CLANG_ANALYZER_NUMBER_OBJECT_CONVERSION = YES_AGGRESSIVE;
				CLANG_CXX_LANGUAGE_STANDARD = "gnu++14";
				CLANG_CXX_LIBRARY = "libc++";
				CLANG_ENABLE_MODULES = YES;
				CLANG_ENABLE_OBJC_ARC = YES;
				CLANG_ENABLE_OBJC_WEAK = YES;
				CLANG_WARN_BLOCK_CAPTURE_AUTORELEASING = YES;
				CLANG_WARN_BOOL_CONVERSION = YES;
				CLANG_WARN_COMMA = YES;
				CLANG_WARN_CONSTANT_CONVERSION = YES;
				CLANG_WARN_DEPRECATED_OBJC_IMPLEMENTATIONS = YES;
				CLANG_WARN_DIRECT_OBJC_ISA_USAGE = YES_ERROR;
				CLANG_WARN_DOCUMENTATION_COMMENTS = YES;
				CLANG_WARN_EMPTY_BODY = YES;
				CLANG_WARN_ENUM_CONVERSION = YES;
				CLANG_WARN_INFINITE_RECURSION = YES;
				CLANG_WARN_INT_CONVERSION = YES;
				CLANG_WARN_NON_LITERAL_NULL_CONVERSION = YES;
				CLANG_WARN_OBJC_IMPLICIT_RETAIN_SELF = YES;
				CLANG_WARN_OBJC_LITERAL_CONVERSION = YES;
				CLANG_WARN_OBJC_ROOT_CLASS = YES_ERROR;
				CLANG_WARN_QUOTED_INCLUDE_IN_FRAMEWORK_HEADER = YES;
				CLANG_WARN_RANGE_LOOP_ANALYSIS = YES;
				CLANG_WARN_STRICT_PROTOTYPES = YES;
				CLANG_WARN_SUSPICIOUS_MOVE = YES;
				CLANG_WARN_UNGUARDED_AVAILABILITY = YES_AGGRESSIVE;
				CLANG_WARN_UNREACHABLE_CODE = YES;
				CLANG_WARN__DUPLICATE_METHOD_MATCH = YES;
				COPY_PHASE_STRIP = NO;
				DEBUG_INFORMATION_FORMAT = dwarf;
				ENABLE_STRICT_OBJC_MSGSEND = YES;
				ENABLE_TESTABILITY = YES;
				GCC_C_LANGUAGE_STANDARD = gnu11;
				GCC_DYNAMIC_NO_PIC = NO;
				GCC_NO_COMMON_BLOCKS = YES;
				GCC_OPTIMIZATION_LEVEL = 0;
				GCC_PREPROCESSOR_DEFINITIONS = (
					"DEBUG=1",
					"$(inherited)",
				);
				GCC_WARN_64_TO_32_BIT_CONVERSION = YES;
				GCC_WARN_ABOUT_RETURN_TYPE = YES_ERROR;
				GCC_WARN_UNDECLARED_SELECTOR = YES;
				GCC_WARN_UNINITIALIZED_AUTOS = YES_AGGRESSIVE;
				GCC_WARN_UNUSED_FUNCTION = YES;
				GCC_WARN_UNUSED_VARIABLE = YES;
				IPHONEOS_DEPLOYMENT_TARGET = 14.0;
				MTL_ENABLE_DEBUG_INFO = INCLUDE_SOURCE;
				MTL_FAST_MATH = YES;
				ONLY_ACTIVE_ARCH = YES;
				SDKROOT = iphoneos;
				SWIFT_ACTIVE_COMPILATION_CONDITIONS = DEBUG;
				SWIFT_OPTIMIZATION_LEVEL = "-Onone";
			};
			name = Debug;
		};
		888AAAB42547C1ED0013B974 /* Release */ = {
			isa = XCBuildConfiguration;
			buildSettings = {
				ALWAYS_SEARCH_USER_PATHS = NO;
				CLANG_ANALYZER_NONNULL = YES;
				CLANG_ANALYZER_NUMBER_OBJECT_CONVERSION = YES_AGGRESSIVE;
				CLANG_CXX_LANGUAGE_STANDARD = "gnu++14";
				CLANG_CXX_LIBRARY = "libc++";
				CLANG_ENABLE_MODULES = YES;
				CLANG_ENABLE_OBJC_ARC = YES;
				CLANG_ENABLE_OBJC_WEAK = YES;
				CLANG_WARN_BLOCK_CAPTURE_AUTORELEASING = YES;
				CLANG_WARN_BOOL_CONVERSION = YES;
				CLANG_WARN_COMMA = YES;
				CLANG_WARN_CONSTANT_CONVERSION = YES;
				CLANG_WARN_DEPRECATED_OBJC_IMPLEMENTATIONS = YES;
				CLANG_WARN_DIRECT_OBJC_ISA_USAGE = YES_ERROR;
				CLANG_WARN_DOCUMENTATION_COMMENTS = YES;
				CLANG_WARN_EMPTY_BODY = YES;
				CLANG_WARN_ENUM_CONVERSION = YES;
				CLANG_WARN_INFINITE_RECURSION = YES;
				CLANG_WARN_INT_CONVERSION = YES;
				CLANG_WARN_NON_LITERAL_NULL_CONVERSION = YES;
				CLANG_WARN_OBJC_IMPLICIT_RETAIN_SELF = YES;
				CLANG_WARN_OBJC_LITERAL_CONVERSION = YES;
				CLANG_WARN_OBJC_ROOT_CLASS = YES_ERROR;
				CLANG_WARN_QUOTED_INCLUDE_IN_FRAMEWORK_HEADER = YES;
				CLANG_WARN_RANGE_LOOP_ANALYSIS = YES;
				CLANG_WARN_STRICT_PROTOTYPES = YES;
				CLANG_WARN_SUSPICIOUS_MOVE = YES;
				CLANG_WARN_UNGUARDED_AVAILABILITY = YES_AGGRESSIVE;
				CLANG_WARN_UNREACHABLE_CODE = YES;
				CLANG_WARN__DUPLICATE_METHOD_MATCH = YES;
				COPY_PHASE_STRIP = NO;
				DEBUG_INFORMATION_FORMAT = "dwarf-with-dsym";
				ENABLE_NS_ASSERTIONS = NO;
				ENABLE_STRICT_OBJC_MSGSEND = YES;
				GCC_C_LANGUAGE_STANDARD = gnu11;
				GCC_NO_COMMON_BLOCKS = YES;
				GCC_WARN_64_TO_32_BIT_CONVERSION = YES;
				GCC_WARN_ABOUT_RETURN_TYPE = YES_ERROR;
				GCC_WARN_UNDECLARED_SELECTOR = YES;
				GCC_WARN_UNINITIALIZED_AUTOS = YES_AGGRESSIVE;
				GCC_WARN_UNUSED_FUNCTION = YES;
				GCC_WARN_UNUSED_VARIABLE = YES;
				IPHONEOS_DEPLOYMENT_TARGET = 14.0;
				MTL_ENABLE_DEBUG_INFO = NO;
				MTL_FAST_MATH = YES;
				SDKROOT = iphoneos;
				SWIFT_COMPILATION_MODE = wholemodule;
				SWIFT_OPTIMIZATION_LEVEL = "-O";
				VALIDATE_PRODUCT = YES;
			};
			name = Release;
		};
		888AAAB62547C1ED0013B974 /* Debug */ = {
			isa = XCBuildConfiguration;
			baseConfigurationReference = B32F95B86BFF9EC06BFAFAEC /* Pods-IssueTracker.debug.xcconfig */;
			buildSettings = {
				ASSETCATALOG_COMPILER_APPICON_NAME = AppIcon;
				ASSETCATALOG_COMPILER_GLOBAL_ACCENT_COLOR_NAME = AccentColor;
				CODE_SIGN_ENTITLEMENTS = IssueTracker/IssueTracker.entitlements;
				CODE_SIGN_STYLE = Automatic;
				DEVELOPMENT_TEAM = B3PWYBKFUK;
				INFOPLIST_FILE = IssueTracker/Info.plist;
				IPHONEOS_DEPLOYMENT_TARGET = 13.6;
				LD_RUNPATH_SEARCH_PATHS = (
					"$(inherited)",
					"@executable_path/Frameworks",
				);
				PRODUCT_BUNDLE_IDENTIFIER = com.Group17.IssueTracker;
				PRODUCT_NAME = "$(TARGET_NAME)";
				SWIFT_VERSION = 5.0;
				TARGETED_DEVICE_FAMILY = "1,2";
			};
			name = Debug;
		};
		888AAAB72547C1ED0013B974 /* Release */ = {
			isa = XCBuildConfiguration;
			baseConfigurationReference = A11BA265FD9C6759697BCF49 /* Pods-IssueTracker.release.xcconfig */;
			buildSettings = {
				ASSETCATALOG_COMPILER_APPICON_NAME = AppIcon;
				ASSETCATALOG_COMPILER_GLOBAL_ACCENT_COLOR_NAME = AccentColor;
				CODE_SIGN_ENTITLEMENTS = IssueTracker/IssueTracker.entitlements;
				CODE_SIGN_STYLE = Automatic;
				DEVELOPMENT_TEAM = B3PWYBKFUK;
				INFOPLIST_FILE = IssueTracker/Info.plist;
				IPHONEOS_DEPLOYMENT_TARGET = 13.6;
				LD_RUNPATH_SEARCH_PATHS = (
					"$(inherited)",
					"@executable_path/Frameworks",
				);
				PRODUCT_BUNDLE_IDENTIFIER = com.Group17.IssueTracker;
				PRODUCT_NAME = "$(TARGET_NAME)";
				SWIFT_VERSION = 5.0;
				TARGETED_DEVICE_FAMILY = "1,2";
			};
			name = Release;
		};
/* End XCBuildConfiguration section */

/* Begin XCConfigurationList section */
		888AAA9C2547C1EB0013B974 /* Build configuration list for PBXProject "IssueTracker" */ = {
			isa = XCConfigurationList;
			buildConfigurations = (
				888AAAB32547C1ED0013B974 /* Debug */,
				888AAAB42547C1ED0013B974 /* Release */,
			);
			defaultConfigurationIsVisible = 0;
			defaultConfigurationName = Release;
		};
		888AAAB52547C1ED0013B974 /* Build configuration list for PBXNativeTarget "IssueTracker" */ = {
			isa = XCConfigurationList;
			buildConfigurations = (
				888AAAB62547C1ED0013B974 /* Debug */,
				888AAAB72547C1ED0013B974 /* Release */,
			);
			defaultConfigurationIsVisible = 0;
			defaultConfigurationName = Release;
		};
/* End XCConfigurationList section */
	};
	rootObject = 888AAA992547C1EB0013B974 /* Project object */;
}
